<?xml version="1.0" encoding="utf-8"?>
<Project ToolsVersion="4.0" xmlns="http://schemas.microsoft.com/developer/msbuild/2003">
  <ItemGroup>
    <ClCompile Include="game.cpp">
      <Filter>Souce Files</Filter>
    </ClCompile>
    <ClCompile Include="loading.cpp">
      <Filter>Souce Files</Filter>
    </ClCompile>
    <ClCompile Include="main.cpp">
      <Filter>Souce Files</Filter>
    </ClCompile>
    <ClCompile Include="Framework\timer.cpp">
      <Filter>Souce Files\Framework</Filter>
    </ClCompile>
    <ClCompile Include="Framework\console.cpp">
      <Filter>Souce Files\Framework</Filter>
    </ClCompile>
  </ItemGroup>
  <ItemGroup>
    <ClInclude Include="Framework\timer.h">
      <Filter>Header Files\Framework</Filter>
    </ClInclude>
    <ClInclude Include="Framework\console.h">
      <Filter>Header Files\Framework</Filter>
    </ClInclude>
    <ClInclude Include="game.h">
      <Filter>Header Files</Filter>
    </ClInclude>
    <ClInclude Include="Loading.h">
      <Filter>Header Files</Filter>
    </ClInclude>
  </ItemGroup>
  <ItemGroup>
    <Text Include="maze2.txt">
      <Filter>Resource Files</Filter>
    </Text>
    <Text Include="maze3.txt">
      <Filter>Resource Files</Filter>
    </Text>
  </ItemGroup>
  <ItemGroup>
    <Filter Include="Souce Files">
      <UniqueIdentifier>{2419af32-7250-4167-ada3-5a87a5aedba9}</UniqueIdentifier>
    </Filter>
    <Filter Include="Header Files">
      <UniqueIdentifier>{7b595bb5-1322-43a0-91bf-f5e2c55b8125}</UniqueIdentifier>
    </Filter>
    <Filter Include="Header Files\Framework">
      <UniqueIdentifier>{7ef852fd-ec38-4dec-82e7-66caf9ed9c3d}</UniqueIdentifier>
    </Filter>
    <Filter Include="Souce Files\Framework">
      <UniqueIdentifier>{a776409d-149d-4943-ba16-a32f9d465dfe}</UniqueIdentifier>
    </Filter>
    <Filter Include="Resource Files">
      <UniqueIdentifier>{01ab96b2-8406-4d69-9695-8a03260137b0}</UniqueIdentifier>
    </Filter>
  </ItemGroup>
  <ItemGroup>
    <None Include="Splashscreen.txt">
      <Filter>Resource Files</Filter>
    </None>
  </ItemGroup>
</Project>