<?xml version="1.0" encoding="utf-8"?>
<Project ToolsVersion="4.0" xmlns="http://schemas.microsoft.com/developer/msbuild/2003">
  <ItemGroup>
    <ClCompile Include="AI.cpp">
      <Filter>Source Files</Filter>
    </ClCompile>
    <ClCompile Include="CheckAttack.cpp">
      <Filter>Source Files</Filter>
    </ClCompile>
    <ClCompile Include="Collision.cpp">
      <Filter>Source Files</Filter>
    </ClCompile>
    <ClCompile Include="Framework\console.cpp">
      <Filter>Source Files</Filter>
    </ClCompile>
    <ClCompile Include="FogOfWar.cpp">
      <Filter>Source Files</Filter>
    </ClCompile>
    <ClCompile Include="game.cpp">
      <Filter>Source Files</Filter>
    </ClCompile>
    <ClCompile Include="HUD.cpp">
      <Filter>Source Files</Filter>
    </ClCompile>
    <ClCompile Include="loading.cpp">
      <Filter>Source Files</Filter>
    </ClCompile>
    <ClCompile Include="main.cpp">
      <Filter>Source Files</Filter>
    </ClCompile>
    <ClCompile Include="points.cpp">
      <Filter>Source Files</Filter>
    </ClCompile>
    <ClCompile Include="ResetData.cpp">
      <Filter>Source Files</Filter>
    </ClCompile>
    <ClCompile Include="Framework\timer.cpp">
      <Filter>Source Files</Filter>
    </ClCompile>
  </ItemGroup>
  <ItemGroup>
    <ClInclude Include="CheckAttack.h">
      <Filter>Header Files</Filter>
    </ClInclude>
    <ClInclude Include="Framework\console.h">
      <Filter>Header Files</Filter>
    </ClInclude>
    <ClInclude Include="Collision.h">
      <Filter>Header Files</Filter>
    </ClInclude>
    <ClInclude Include="Fogofwar.h">
      <Filter>Header Files</Filter>
    </ClInclude>
    <ClInclude Include="game.h">
      <Filter>Header Files</Filter>
    </ClInclude>
    <ClInclude Include="HUD.h">
      <Filter>Header Files</Filter>
    </ClInclude>
    <ClInclude Include="Loading.h">
      <Filter>Header Files</Filter>
    </ClInclude>
    <ClInclude Include="points.h">
      <Filter>Header Files</Filter>
    </ClInclude>
    <ClInclude Include="ResetData.h">
      <Filter>Header Files</Filter>
    </ClInclude>
    <ClInclude Include="Framework\timer.h">
      <Filter>Header Files</Filter>
    </ClInclude>
  </ItemGroup>
  <ItemGroup>
    <None Include="Splashscreen.txt" />
  </ItemGroup>
  <ItemGroup>
    <Text Include="Fog.txt" />
    <Text Include="instructions.txt" />
    <Text Include="maze2.txt" />
    <Text Include="maze3.txt" />
    <Text Include="gameover.txt" />
  </ItemGroup>
  <ItemGroup>
    <Media Include="snd_PlayerAttackMiss.wav" />
    <Media Include="snd_PlayerHitEnemy.wav" />
    <Media Include="snd_PlayerHitWall.wav" />
    <Media Include="snd_PlayerWalk1.wav" />
    <Media Include="snd_EnemyDie.wav" />
    <Media Include="snd_EnemyHitPlayer.wav" />
  </ItemGroup>
  <ItemGroup>
    <Filter Include="Header Files">
      <UniqueIdentifier>{53284a5d-7698-4ab4-b6b1-a5459b2b109a}</UniqueIdentifier>
    </Filter>
    <Filter Include="Source Files">
      <UniqueIdentifier>{34c23fcd-de8f-4c81-ae7e-300d92ed09fd}</UniqueIdentifier>
    </Filter>
  </ItemGroup>
</Project>